{
  "name": "gacha-box",
  "version": "1.0.0",
  "lockfileVersion": 2,
  "requires": true,
  "packages": {
    "": {
      "name": "gacha-box",
      "version": "1.0.0",
      "license": "ISC",
      "dependencies": {
        "csshake": "^1.7.0",
        "magic.css": "^1.4.8"
      }
    },
    "node_modules/csshake": {
      "version": "1.7.0",
      "resolved": "https://registry.npmjs.org/csshake/-/csshake-1.7.0.tgz",
      "integrity": "sha512-J8YPxrFmhNCK/sgoiWwbPDmUPramnEts8E9OZ6hdfh8z5wDjdIfVH0VgUz8HU5px5JpyLgnvPon6L3cmGef8TA=="
    },
    "node_modules/magic.css": {
      "version": "1.4.8",
      "resolved": "https://registry.npmjs.org/magic.css/-/magic.css-1.4.8.tgz",
      "integrity": "sha512-qL9mQf80fc61Z6p90FqWSeIEe3QBPyUa+dFqaKkJ9peNwv/1lsz16VSRUoeATgMvogdSIKQcFyRtoWu0pjHePw=="
    }
  },
  "dependencies": {
    "csshake": {
      "version": "1.7.0",
      "resolved": "https://registry.npmjs.org/csshake/-/csshake-1.7.0.tgz",
      "integrity": "sha512-J8YPxrFmhNCK/sgoiWwbPDmUPramnEts8E9OZ6hdfh8z5wDjdIfVH0VgUz8HU5px5JpyLgnvPon6L3cmGef8TA=="
    },
    "magic.css": {
      "version": "1.4.8",
      "resolved": "https://registry.npmjs.org/magic.css/-/magic.css-1.4.8.tgz",
      "integrity": "sha512-qL9mQf80fc61Z6p90FqWSeIEe3QBPyUa+dFqaKkJ9peNwv/1lsz16VSRUoeATgMvogdSIKQcFyRtoWu0pjHePw=="
    }
  }
}
